
Microsoft Visual Studio Solution File, Format Version 12.00
# Visual Studio Version 16
VisualStudioVersion = 16.0.29728.190
MinimumVisualStudioVersion = 10.0.40219.1
Project("{2150E333-8FDC-42A3-9474-1A3956D46DE8}") = "Solution Items", "Solution Items", "{DF69A266-2A27-4AB2-99B5-FE67634FB818}"
	ProjectSection(SolutionItems) = preProject
		README.md = README.md
	EndProjectSection
EndProject
Project("{9A19103F-16F7-4668-BE54-9A1E7A4F7556}") = "RabbitMQ.Fakes.DotNetStandard", "RabbitMQ.Fakes.DotNetStandard\RabbitMQ.Fakes.DotNetStandard.csproj", "{CA526150-2AA1-4EAB-BC38-5012E8CEE160}"
EndProject
Project("{9A19103F-16F7-4668-BE54-9A1E7A4F7556}") = "RabbitMQ.Fakes.DotNetCore.Tests", "RabbitMQ.Fakes.DotNetCore.Tests\RabbitMQ.Fakes.DotNetCore.Tests.csproj", "{060271B1-B35F-40D7-B206-D9083CA8BC60}"
EndProject
Global
	GlobalSection(SolutionConfigurationPlatforms) = preSolution
		Debug|Any CPU = Debug|Any CPU
		Release|Any CPU = Release|Any CPU
	EndGlobalSection
	GlobalSection(ProjectConfigurationPlatforms) = postSolution
		{CA526150-2AA1-4EAB-BC38-5012E8CEE160}.Debug|Any CPU.ActiveCfg = Debug|Any CPU
		{CA526150-2AA1-4EAB-BC38-5012E8CEE160}.Debug|Any CPU.Build.0 = Debug|Any CPU
		{CA526150-2AA1-4EAB-BC38-5012E8CEE160}.Release|Any CPU.ActiveCfg = Release|Any CPU
		{CA526150-2AA1-4EAB-BC38-5012E8CEE160}.Release|Any CPU.Build.0 = Release|Any CPU
		{060271B1-B35F-40D7-B206-D9083CA8BC60}.Debug|Any CPU.ActiveCfg = Debug|Any CPU
		{060271B1-B35F-40D7-B206-D9083CA8BC60}.Debug|Any CPU.Build.0 = Debug|Any CPU
		{060271B1-B35F-40D7-B206-D9083CA8BC60}.Release|Any CPU.ActiveCfg = Release|Any CPU
		{060271B1-B35F-40D7-B206-D9083CA8BC60}.Release|Any CPU.Build.0 = Release|Any CPU
	EndGlobalSection
	GlobalSection(SolutionProperties) = preSolution
		HideSolutionNode = FALSE
	EndGlobalSection
	GlobalSection(ExtensibilityGlobals) = postSolution
		SolutionGuid = {1408C565-6352-487C-A700-B05960EDC23A}
	EndGlobalSection
EndGlobal
